
Microsoft Visual Studio Solution File, Format Version 12.00
# Visual Studio Version 16
VisualStudioVersion = 16.0.32228.343
MinimumVisualStudioVersion = 10.0.40219.1
Project("{9A19103F-16F7-4668-BE54-9A1E7A4F7556}") = "HangmanByLuc", "HangmanByLuc.csproj", "{54C750E1-1684-4D9E-A49F-E87292C4732D}"
EndProject
Global
	GlobalSection(SolutionConfigurationPlatforms) = preSolution
		Debug|Any CPU = Debug|Any CPU
		Release|Any CPU = Release|Any CPU
	EndGlobalSection
	GlobalSection(ProjectConfigurationPlatforms) = postSolution
		{54C750E1-1684-4D9E-A49F-E87292C4732D}.Debug|Any CPU.ActiveCfg = Debug|Any CPU
		{54C750E1-1684-4D9E-A49F-E87292C4732D}.Debug|Any CPU.Build.0 = Debug|Any CPU
		{54C750E1-1684-4D9E-A49F-E87292C4732D}.Release|Any CPU.ActiveCfg = Release|Any CPU
		{54C750E1-1684-4D9E-A49F-E87292C4732D}.Release|Any CPU.Build.0 = Release|Any CPU
	EndGlobalSection
	GlobalSection(SolutionProperties) = preSolution
		HideSolutionNode = FALSE
	EndGlobalSection
	GlobalSection(ExtensibilityGlobals) = postSolution
		SolutionGuid = {DF083E35-D190-4EAA-919E-5BE5F2F23978}
	EndGlobalSection
EndGlobal
